{
  "requires": true,
  "lockfileVersion": 1,
  "dependencies": {
    "vuetify": {
      "version": "2.3.6",
      "resolved": "https://registry.npmjs.org/vuetify/-/vuetify-2.3.6.tgz",
      "integrity": "sha512-mnn5ijJOQf6o443A2ymKrwJAFjaloU0x1QJJArswHv+y2FsSp9obZ6KXDKuzxO6hdGt8VDt/p4S2Hs8A41kbOg=="
    }
  }
}
